// !$*UTF8*$!
{
	archiveVersion = 1;
	classes = {
	};
	objectVersion = 56;
	objects = {

/* Begin PBXBuildFile section */
		2201B8E5295D575B007869F6 /* ios_sampleApp.swift in Sources */ = {isa = PBXBuildFile; fileRef = 2201B8E4295D575B007869F6 /* ios_sampleApp.swift */; };
		2201B8E7295D575B007869F6 /* ContentView.swift in Sources */ = {isa = PBXBuildFile; fileRef = 2201B8E6295D575B007869F6 /* ContentView.swift */; };
		2201B8E9295D575C007869F6 /* Assets.xcassets in Resources */ = {isa = PBXBuildFile; fileRef = 2201B8E8295D575C007869F6 /* Assets.xcassets */; };
		2201B8EC295D575C007869F6 /* Preview Assets.xcassets in Resources */ = {isa = PBXBuildFile; fileRef = 2201B8EB295D575C007869F6 /* Preview Assets.xcassets */; };
		2201B8F6295D575C007869F6 /* ios_sampleTests.swift in Sources */ = {isa = PBXBuildFile; fileRef = 2201B8F5295D575C007869F6 /* ios_sampleTests.swift */; };
		2201B900295D575D007869F6 /* ios_sampleUITests.swift in Sources */ = {isa = PBXBuildFile; fileRef = 2201B8FF295D575D007869F6 /* ios_sampleUITests.swift */; };
		2201B902295D575D007869F6 /* ios_sampleUITestsLaunchTests.swift in Sources */ = {isa = PBXBuildFile; fileRef = 2201B901295D575D007869F6 /* ios_sampleUITestsLaunchTests.swift */; };
		2201B913295D583B007869F6 /* StrappTesting.swift in Sources */ = {isa = PBXBuildFile; fileRef = 2201B912295D583B007869F6 /* StrappTesting.swift */; };
		2201B914295D583B007869F6 /* StrappTesting.swift in Sources */ = {isa = PBXBuildFile; fileRef = 2201B912295D583B007869F6 /* StrappTesting.swift */; };
		2201B915295D583B007869F6 /* StrappTesting.swift in Sources */ = {isa = PBXBuildFile; fileRef = 2201B912295D583B007869F6 /* StrappTesting.swift */; };
/* End PBXBuildFile section */

/* Begin PBXContainerItemProxy section */
		2201B8F2295D575C007869F6 /* PBXContainerItemProxy */ = {
			isa = PBXContainerItemProxy;
			containerPortal = 2201B8D9295D575B007869F6 /* Project object */;
			proxyType = 1;
			remoteGlobalIDString = 2201B8E0295D575B007869F6;
			remoteInfo = "ios-sample";
		};
		2201B8FC295D575D007869F6 /* PBXContainerItemProxy */ = {
			isa = PBXContainerItemProxy;
			containerPortal = 2201B8D9295D575B007869F6 /* Project object */;
			proxyType = 1;
			remoteGlobalIDString = 2201B8E0295D575B007869F6;
			remoteInfo = "ios-sample";
		};
/* End PBXContainerItemProxy section */

/* Begin PBXFileReference section */
		2201B8E1295D575B007869F6 /* ios-sample.app */ = {isa = PBXFileReference; explicitFileType = wrapper.application; includeInIndex = 0; path = "ios-sample.app"; sourceTree = BUILT_PRODUCTS_DIR; };
		2201B8E4295D575B007869F6 /* ios_sampleApp.swift */ = {isa = PBXFileReference; lastKnownFileType = sourcecode.swift; path = ios_sampleApp.swift; sourceTree = "<group>"; };
		2201B8E6295D575B007869F6 /* ContentView.swift */ = {isa = PBXFileReference; lastKnownFileType = sourcecode.swift; path = ContentView.swift; sourceTree = "<group>"; };
		2201B8E8295D575C007869F6 /* Assets.xcassets */ = {isa = PBXFileReference; lastKnownFileType = folder.assetcatalog; path = Assets.xcassets; sourceTree = "<group>"; };
		2201B8EB295D575C007869F6 /* Preview Assets.xcassets */ = {isa = PBXFileReference; lastKnownFileType = folder.assetcatalog; path = "Preview Assets.xcassets"; sourceTree = "<group>"; };
		2201B8F1295D575C007869F6 /* ios-sampleTests.xctest */ = {isa = PBXFileReference; explicitFileType = wrapper.cfbundle; includeInIndex = 0; path = "ios-sampleTests.xctest"; sourceTree = BUILT_PRODUCTS_DIR; };
		2201B8F5295D575C007869F6 /* ios_sampleTests.swift */ = {isa = PBXFileReference; lastKnownFileType = sourcecode.swift; path = ios_sampleTests.swift; sourceTree = "<group>"; };
		2201B8FB295D575D007869F6 /* ios-sampleUITests.xctest */ = {isa = PBXFileReference; explicitFileType = wrapper.cfbundle; includeInIndex = 0; path = "ios-sampleUITests.xctest"; sourceTree = BUILT_PRODUCTS_DIR; };
		2201B8FF295D575D007869F6 /* ios_sampleUITests.swift */ = {isa = PBXFileReference; lastKnownFileType = sourcecode.swift; path = ios_sampleUITests.swift; sourceTree = "<group>"; };
		2201B901295D575D007869F6 /* ios_sampleUITestsLaunchTests.swift */ = {isa = PBXFileReference; lastKnownFileType = sourcecode.swift; path = ios_sampleUITestsLaunchTests.swift; sourceTree = "<group>"; };
		2201B912295D583B007869F6 /* StrappTesting.swift */ = {isa = PBXFileReference; fileEncoding = 4; lastKnownFileType = sourcecode.swift; name = StrappTesting.swift; path = ../../ios/Sources/StrappUI/StrappTesting.swift; sourceTree = "<group>"; };
/* End PBXFileReference section */

/* Begin PBXFrameworksBuildPhase section */
		2201B8DE295D575B007869F6 /* Frameworks */ = {
			isa = PBXFrameworksBuildPhase;
			buildActionMask = 2147483647;
			files = (
			);
			runOnlyForDeploymentPostprocessing = 0;
		};
		2201B8EE295D575C007869F6 /* Frameworks */ = {
			isa = PBXFrameworksBuildPhase;
			buildActionMask = 2147483647;
			files = (
			);
			runOnlyForDeploymentPostprocessing = 0;
		};
		2201B8F8295D575D007869F6 /* Frameworks */ = {
			isa = PBXFrameworksBuildPhase;
			buildActionMask = 2147483647;
			files = (
			);
			runOnlyForDeploymentPostprocessing = 0;
		};
/* End PBXFrameworksBuildPhase section */

/* Begin PBXGroup section */
		2201B8D8295D575B007869F6 = {
			isa = PBXGroup;
			children = (
				2201B8E3295D575B007869F6 /* ios-sample */,
				2201B8F4295D575C007869F6 /* ios-sampleTests */,
				2201B8FE295D575D007869F6 /* ios-sampleUITests */,
				2201B8E2295D575B007869F6 /* Products */,
			);
			sourceTree = "<group>";
		};
		2201B8E2295D575B007869F6 /* Products */ = {
			isa = PBXGroup;
			children = (
				2201B8E1295D575B007869F6 /* ios-sample.app */,
				2201B8F1295D575C007869F6 /* ios-sampleTests.xctest */,
				2201B8FB295D575D007869F6 /* ios-sampleUITests.xctest */,
			);
			name = Products;
			sourceTree = "<group>";
		};
		2201B8E3295D575B007869F6 /* ios-sample */ = {
			isa = PBXGroup;
			children = (
				2201B8E4295D575B007869F6 /* ios_sampleApp.swift */,
				2201B8E6295D575B007869F6 /* ContentView.swift */,
				2201B912295D583B007869F6 /* StrappTesting.swift */,
				2201B8E8295D575C007869F6 /* Assets.xcassets */,
				2201B8EA295D575C007869F6 /* Preview Content */,
			);
			path = "ios-sample";
			sourceTree = "<group>";
		};
		2201B8EA295D575C007869F6 /* Preview Content */ = {
			isa = PBXGroup;
			children = (
				2201B8EB295D575C007869F6 /* Preview Assets.xcassets */,
			);
			path = "Preview Content";
			sourceTree = "<group>";
		};
		2201B8F4295D575C007869F6 /* ios-sampleTests */ = {
			isa = PBXGroup;
			children = (
				2201B8F5295D575C007869F6 /* ios_sampleTests.swift */,
			);
			path = "ios-sampleTests";
			sourceTree = "<group>";
		};
		2201B8FE295D575D007869F6 /* ios-sampleUITests */ = {
			isa = PBXGroup;
			children = (
				2201B8FF295D575D007869F6 /* ios_sampleUITests.swift */,
				2201B901295D575D007869F6 /* ios_sampleUITestsLaunchTests.swift */,
			);
			path = "ios-sampleUITests";
			sourceTree = "<group>";
		};
/* End PBXGroup section */

/* Begin PBXNativeTarget section */
		2201B8E0295D575B007869F6 /* ios-sample */ = {
			isa = PBXNativeTarget;
			buildConfigurationList = 2201B905295D575D007869F6 /* Build configuration list for PBXNativeTarget "ios-sample" */;
			buildPhases = (
				2201B8DD295D575B007869F6 /* Sources */,
				2201B8DE295D575B007869F6 /* Frameworks */,
				2201B8DF295D575B007869F6 /* Resources */,
			);
			buildRules = (
			);
			dependencies = (
			);
			name = "ios-sample";
			productName = "ios-sample";
			productReference = 2201B8E1295D575B007869F6 /* ios-sample.app */;
			productType = "com.apple.product-type.application";
		};
		2201B8F0295D575C007869F6 /* ios-sampleTests */ = {
			isa = PBXNativeTarget;
			buildConfigurationList = 2201B908295D575D007869F6 /* Build configuration list for PBXNativeTarget "ios-sampleTests" */;
			buildPhases = (
				2201B8ED295D575C007869F6 /* Sources */,
				2201B8EE295D575C007869F6 /* Frameworks */,
				2201B8EF295D575C007869F6 /* Resources */,
			);
			buildRules = (
			);
			dependencies = (
				2201B8F3295D575C007869F6 /* PBXTargetDependency */,
			);
			name = "ios-sampleTests";
			productName = "ios-sampleTests";
			productReference = 2201B8F1295D575C007869F6 /* ios-sampleTests.xctest */;
			productType = "com.apple.product-type.bundle.unit-test";
		};
		2201B8FA295D575D007869F6 /* ios-sampleUITests */ = {
			isa = PBXNativeTarget;
			buildConfigurationList = 2201B90B295D575D007869F6 /* Build configuration list for PBXNativeTarget "ios-sampleUITests" */;
			buildPhases = (
				2201B8F7295D575D007869F6 /* Sources */,
				2201B8F8295D575D007869F6 /* Frameworks */,
				2201B8F9295D575D007869F6 /* Resources */,
			);
			buildRules = (
			);
			dependencies = (
				2201B8FD295D575D007869F6 /* PBXTargetDependency */,
			);
			name = "ios-sampleUITests";
			productName = "ios-sampleUITests";
			productReference = 2201B8FB295D575D007869F6 /* ios-sampleUITests.xctest */;
			productType = "com.apple.product-type.bundle.ui-testing";
		};
/* End PBXNativeTarget section */

/* Begin PBXProject section */
		2201B8D9295D575B007869F6 /* Project object */ = {
			isa = PBXProject;
			attributes = {
				BuildIndependentTargetsInParallel = 1;
				LastSwiftUpdateCheck = 1410;
				LastUpgradeCheck = 1410;
				TargetAttributes = {
					2201B8E0295D575B007869F6 = {
						CreatedOnToolsVersion = 14.1;
					};
					2201B8F0295D575C007869F6 = {
						CreatedOnToolsVersion = 14.1;
						TestTargetID = 2201B8E0295D575B007869F6;
					};
					2201B8FA295D575D007869F6 = {
						CreatedOnToolsVersion = 14.1;
						TestTargetID = 2201B8E0295D575B007869F6;
					};
				};
			};
			buildConfigurationList = 2201B8DC295D575B007869F6 /* Build configuration list for PBXProject "ios-sample" */;
			compatibilityVersion = "Xcode 14.0";
			developmentRegion = en;
			hasScannedForEncodings = 0;
			knownRegions = (
				en,
				Base,
			);
			mainGroup = 2201B8D8295D575B007869F6;
			productRefGroup = 2201B8E2295D575B007869F6 /* Products */;
			projectDirPath = "";
			projectRoot = "";
			targets = (
				2201B8E0295D575B007869F6 /* ios-sample */,
				2201B8F0295D575C007869F6 /* ios-sampleTests */,
				2201B8FA295D575D007869F6 /* ios-sampleUITests */,
			);
		};
/* End PBXProject section */

/* Begin PBXResourcesBuildPhase section */
		2201B8DF295D575B007869F6 /* Resources */ = {
			isa = PBXResourcesBuildPhase;
			buildActionMask = 2147483647;
			files = (
				2201B8EC295D575C007869F6 /* Preview Assets.xcassets in Resources */,
				2201B8E9295D575C007869F6 /* Assets.xcassets in Resources */,
			);
			runOnlyForDeploymentPostprocessing = 0;
		};
		2201B8EF295D575C007869F6 /* Resources */ = {
			isa = PBXResourcesBuildPhase;
			buildActionMask = 2147483647;
			files = (
			);
			runOnlyForDeploymentPostprocessing = 0;
		};
		2201B8F9295D575D007869F6 /* Resources */ = {
			isa = PBXResourcesBuildPhase;
			buildActionMask = 2147483647;
			files = (
			);
			runOnlyForDeploymentPostprocessing = 0;
		};
/* End PBXResourcesBuildPhase section */

/* Begin PBXSourcesBuildPhase section */
		2201B8DD295D575B007869F6 /* Sources */ = {
			isa = PBXSourcesBuildPhase;
			buildActionMask = 2147483647;
			files = (
				2201B913295D583B007869F6 /* StrappTesting.swift in Sources */,
				2201B8E7295D575B007869F6 /* ContentView.swift in Sources */,
				2201B8E5295D575B007869F6 /* ios_sampleApp.swift in Sources */,
			);
			runOnlyForDeploymentPostprocessing = 0;
		};
		2201B8ED295D575C007869F6 /* Sources */ = {
			isa = PBXSourcesBuildPhase;
			buildActionMask = 2147483647;
			files = (
				2201B914295D583B007869F6 /* StrappTesting.swift in Sources */,
				2201B8F6295D575C007869F6 /* ios_sampleTests.swift in Sources */,
			);
			runOnlyForDeploymentPostprocessing = 0;
		};
		2201B8F7295D575D007869F6 /* Sources */ = {
			isa = PBXSourcesBuildPhase;
			buildActionMask = 2147483647;
			files = (
				2201B915295D583B007869F6 /* StrappTesting.swift in Sources */,
				2201B902295D575D007869F6 /* ios_sampleUITestsLaunchTests.swift in Sources */,
				2201B900295D575D007869F6 /* ios_sampleUITests.swift in Sources */,
			);
			runOnlyForDeploymentPostprocessing = 0;
		};
/* End PBXSourcesBuildPhase section */

/* Begin PBXTargetDependency section */
		2201B8F3295D575C007869F6 /* PBXTargetDependency */ = {
			isa = PBXTargetDependency;
			target = 2201B8E0295D575B007869F6 /* ios-sample */;
			targetProxy = 2201B8F2295D575C007869F6 /* PBXContainerItemProxy */;
		};
		2201B8FD295D575D007869F6 /* PBXTargetDependency */ = {
			isa = PBXTargetDependency;
			target = 2201B8E0295D575B007869F6 /* ios-sample */;
			targetProxy = 2201B8FC295D575D007869F6 /* PBXContainerItemProxy */;
		};
/* End PBXTargetDependency section */

/* Begin XCBuildConfiguration section */
		2201B903295D575D007869F6 /* Debug */ = {
			isa = XCBuildConfiguration;
			buildSettings = {
				ALWAYS_SEARCH_USER_PATHS = NO;
				CLANG_ANALYZER_NONNULL = YES;
				CLANG_ANALYZER_NUMBER_OBJECT_CONVERSION = YES_AGGRESSIVE;
				CLANG_CXX_LANGUAGE_STANDARD = "gnu++20";
				CLANG_ENABLE_MODULES = YES;
				CLANG_ENABLE_OBJC_ARC = YES;
				CLANG_ENABLE_OBJC_WEAK = YES;
				CLANG_WARN_BLOCK_CAPTURE_AUTORELEASING = YES;
				CLANG_WARN_BOOL_CONVERSION = YES;
				CLANG_WARN_COMMA = YES;
				CLANG_WARN_CONSTANT_CONVERSION = YES;
				CLANG_WARN_DEPRECATED_OBJC_IMPLEMENTATIONS = YES;
				CLANG_WARN_DIRECT_OBJC_ISA_USAGE = YES_ERROR;
				CLANG_WARN_DOCUMENTATION_COMMENTS = YES;
				CLANG_WARN_EMPTY_BODY = YES;
				CLANG_WARN_ENUM_CONVERSION = YES;
				CLANG_WARN_INFINITE_RECURSION = YES;
				CLANG_WARN_INT_CONVERSION = YES;
				CLANG_WARN_NON_LITERAL_NULL_CONVERSION = YES;
				CLANG_WARN_OBJC_IMPLICIT_RETAIN_SELF = YES;
				CLANG_WARN_OBJC_LITERAL_CONVERSION = YES;
				CLANG_WARN_OBJC_ROOT_CLASS = YES_ERROR;
				CLANG_WARN_QUOTED_INCLUDE_IN_FRAMEWORK_HEADER = YES;
				CLANG_WARN_RANGE_LOOP_ANALYSIS = YES;
				CLANG_WARN_STRICT_PROTOTYPES = YES;
				CLANG_WARN_SUSPICIOUS_MOVE = YES;
				CLANG_WARN_UNGUARDED_AVAILABILITY = YES_AGGRESSIVE;
				CLANG_WARN_UNREACHABLE_CODE = YES;
				CLANG_WARN__DUPLICATE_METHOD_MATCH = YES;
				COPY_PHASE_STRIP = NO;
				DEBUG_INFORMATION_FORMAT = dwarf;
				ENABLE_STRICT_OBJC_MSGSEND = YES;
				ENABLE_TESTABILITY = YES;
				GCC_C_LANGUAGE_STANDARD = gnu11;
				GCC_DYNAMIC_NO_PIC = NO;
				GCC_NO_COMMON_BLOCKS = YES;
				GCC_OPTIMIZATION_LEVEL = 0;
				GCC_PREPROCESSOR_DEFINITIONS = (
					"DEBUG=1",
					"$(inherited)",
				);
				GCC_WARN_64_TO_32_BIT_CONVERSION = YES;
				GCC_WARN_ABOUT_RETURN_TYPE = YES_ERROR;
				GCC_WARN_UNDECLARED_SELECTOR = YES;
				GCC_WARN_UNINITIALIZED_AUTOS = YES_AGGRESSIVE;
				GCC_WARN_UNUSED_FUNCTION = YES;
				GCC_WARN_UNUSED_VARIABLE = YES;
				IPHONEOS_DEPLOYMENT_TARGET = 16.1;
				MTL_ENABLE_DEBUG_INFO = INCLUDE_SOURCE;
				MTL_FAST_MATH = YES;
				ONLY_ACTIVE_ARCH = YES;
				SDKROOT = iphoneos;
				SWIFT_ACTIVE_COMPILATION_CONDITIONS = DEBUG;
				SWIFT_OPTIMIZATION_LEVEL = "-Onone";
			};
			name = Debug;
		};
		2201B904295D575D007869F6 /* Release */ = {
			isa = XCBuildConfiguration;
			buildSettings = {
				ALWAYS_SEARCH_USER_PATHS = NO;
				CLANG_ANALYZER_NONNULL = YES;
				CLANG_ANALYZER_NUMBER_OBJECT_CONVERSION = YES_AGGRESSIVE;
				CLANG_CXX_LANGUAGE_STANDARD = "gnu++20";
				CLANG_ENABLE_MODULES = YES;
				CLANG_ENABLE_OBJC_ARC = YES;
				CLANG_ENABLE_OBJC_WEAK = YES;
				CLANG_WARN_BLOCK_CAPTURE_AUTORELEASING = YES;
				CLANG_WARN_BOOL_CONVERSION = YES;
				CLANG_WARN_COMMA = YES;
				CLANG_WARN_CONSTANT_CONVERSION = YES;
				CLANG_WARN_DEPRECATED_OBJC_IMPLEMENTATIONS = YES;
				CLANG_WARN_DIRECT_OBJC_ISA_USAGE = YES_ERROR;
				CLANG_WARN_DOCUMENTATION_COMMENTS = YES;
				CLANG_WARN_EMPTY_BODY = YES;
				CLANG_WARN_ENUM_CONVERSION = YES;
				CLANG_WARN_INFINITE_RECURSION = YES;
				CLANG_WARN_INT_CONVERSION = YES;
				CLANG_WARN_NON_LITERAL_NULL_CONVERSION = YES;
				CLANG_WARN_OBJC_IMPLICIT_RETAIN_SELF = YES;
				CLANG_WARN_OBJC_LITERAL_CONVERSION = YES;
				CLANG_WARN_OBJC_ROOT_CLASS = YES_ERROR;
				CLANG_WARN_QUOTED_INCLUDE_IN_FRAMEWORK_HEADER = YES;
				CLANG_WARN_RANGE_LOOP_ANALYSIS = YES;
				CLANG_WARN_STRICT_PROTOTYPES = YES;
				CLANG_WARN_SUSPICIOUS_MOVE = YES;
				CLANG_WARN_UNGUARDED_AVAILABILITY = YES_AGGRESSIVE;
				CLANG_WARN_UNREACHABLE_CODE = YES;
				CLANG_WARN__DUPLICATE_METHOD_MATCH = YES;
				COPY_PHASE_STRIP = NO;
				DEBUG_INFORMATION_FORMAT = "dwarf-with-dsym";
				ENABLE_NS_ASSERTIONS = NO;
				ENABLE_STRICT_OBJC_MSGSEND = YES;
				GCC_C_LANGUAGE_STANDARD = gnu11;
				GCC_NO_COMMON_BLOCKS = YES;
				GCC_WARN_64_TO_32_BIT_CONVERSION = YES;
				GCC_WARN_ABOUT_RETURN_TYPE = YES_ERROR;
				GCC_WARN_UNDECLARED_SELECTOR = YES;
				GCC_WARN_UNINITIALIZED_AUTOS = YES_AGGRESSIVE;
				GCC_WARN_UNUSED_FUNCTION = YES;
				GCC_WARN_UNUSED_VARIABLE = YES;
				IPHONEOS_DEPLOYMENT_TARGET = 16.1;
				MTL_ENABLE_DEBUG_INFO = NO;
				MTL_FAST_MATH = YES;
				SDKROOT = iphoneos;
				SWIFT_COMPILATION_MODE = wholemodule;
				SWIFT_OPTIMIZATION_LEVEL = "-O";
				VALIDATE_PRODUCT = YES;
			};
			name = Release;
		};
		2201B906295D575D007869F6 /* Debug */ = {
			isa = XCBuildConfiguration;
			buildSettings = {
				ASSETCATALOG_COMPILER_APPICON_NAME = AppIcon;
				ASSETCATALOG_COMPILER_GLOBAL_ACCENT_COLOR_NAME = AccentColor;
				CODE_SIGN_STYLE = Automatic;
				CURRENT_PROJECT_VERSION = 1;
				DEVELOPMENT_ASSET_PATHS = "\"ios-sample/Preview Content\"";
				ENABLE_PREVIEWS = YES;
				GENERATE_INFOPLIST_FILE = YES;
				INFOPLIST_KEY_UIApplicationSceneManifest_Generation = YES;
				INFOPLIST_KEY_UIApplicationSupportsIndirectInputEvents = YES;
				INFOPLIST_KEY_UILaunchScreen_Generation = YES;
				INFOPLIST_KEY_UISupportedInterfaceOrientations_iPad = "UIInterfaceOrientationPortrait UIInterfaceOrientationPortraitUpsideDown UIInterfaceOrientationLandscapeLeft UIInterfaceOrientationLandscapeRight";
				INFOPLIST_KEY_UISupportedInterfaceOrientations_iPhone = "UIInterfaceOrientationPortrait UIInterfaceOrientationLandscapeLeft UIInterfaceOrientationLandscapeRight";
				LD_RUNPATH_SEARCH_PATHS = (
					"$(inherited)",
					"@executable_path/Frameworks",
				);
				MARKETING_VERSION = 1.0;
				PRODUCT_BUNDLE_IDENTIFIER = "au.strapp.ios-sample";
				PRODUCT_NAME = "$(TARGET_NAME)";
				SWIFT_EMIT_LOC_STRINGS = YES;
				SWIFT_VERSION = 5.0;
				TARGETED_DEVICE_FAMILY = "1,2";
			};
			name = Debug;
		};
		2201B907295D575D007869F6 /* Release */ = {
			isa = XCBuildConfiguration;
			buildSettings = {
				ASSETCATALOG_COMPILER_APPICON_NAME = AppIcon;
				ASSETCATALOG_COMPILER_GLOBAL_ACCENT_COLOR_NAME = AccentColor;
				CODE_SIGN_STYLE = Automatic;
				CURRENT_PROJECT_VERSION = 1;
				DEVELOPMENT_ASSET_PATHS = "\"ios-sample/Preview Content\"";
				ENABLE_PREVIEWS = YES;
				GENERATE_INFOPLIST_FILE = YES;
				INFOPLIST_KEY_UIApplicationSceneManifest_Generation = YES;
				INFOPLIST_KEY_UIApplicationSupportsIndirectInputEvents = YES;
				INFOPLIST_KEY_UILaunchScreen_Generation = YES;
				INFOPLIST_KEY_UISupportedInterfaceOrientations_iPad = "UIInterfaceOrientationPortrait UIInterfaceOrientationPortraitUpsideDown UIInterfaceOrientationLandscapeLeft UIInterfaceOrientationLandscapeRight";
				INFOPLIST_KEY_UISupportedInterfaceOrientations_iPhone = "UIInterfaceOrientationPortrait UIInterfaceOrientationLandscapeLeft UIInterfaceOrientationLandscapeRight";
				LD_RUNPATH_SEARCH_PATHS = (
					"$(inherited)",
					"@executable_path/Frameworks",
				);
				MARKETING_VERSION = 1.0;
				PRODUCT_BUNDLE_IDENTIFIER = "au.strapp.ios-sample";
				PRODUCT_NAME = "$(TARGET_NAME)";
				SWIFT_EMIT_LOC_STRINGS = YES;
				SWIFT_VERSION = 5.0;
				TARGETED_DEVICE_FAMILY = "1,2";
			};
			name = Release;
		};
		2201B909295D575D007869F6 /* Debug */ = {
			isa = XCBuildConfiguration;
			buildSettings = {
				ALWAYS_EMBED_SWIFT_STANDARD_LIBRARIES = YES;
				BUNDLE_LOADER = "$(TEST_HOST)";
				CODE_SIGN_STYLE = Automatic;
				CURRENT_PROJECT_VERSION = 1;
				GENERATE_INFOPLIST_FILE = YES;
				IPHONEOS_DEPLOYMENT_TARGET = 16.1;
				MARKETING_VERSION = 1.0;
				PRODUCT_BUNDLE_IDENTIFIER = "au.strapp.ios-sampleTests";
				PRODUCT_NAME = "$(TARGET_NAME)";
				SWIFT_EMIT_LOC_STRINGS = NO;
				SWIFT_VERSION = 5.0;
				TARGETED_DEVICE_FAMILY = "1,2";
				TEST_HOST = "$(BUILT_PRODUCTS_DIR)/ios-sample.app/$(BUNDLE_EXECUTABLE_FOLDER_PATH)/ios-sample";
			};
			name = Debug;
		};
		2201B90A295D575D007869F6 /* Release */ = {
			isa = XCBuildConfiguration;
			buildSettings = {
				ALWAYS_EMBED_SWIFT_STANDARD_LIBRARIES = YES;
				BUNDLE_LOADER = "$(TEST_HOST)";
				CODE_SIGN_STYLE = Automatic;
				CURRENT_PROJECT_VERSION = 1;
				GENERATE_INFOPLIST_FILE = YES;
				IPHONEOS_DEPLOYMENT_TARGET = 16.1;
				MARKETING_VERSION = 1.0;
				PRODUCT_BUNDLE_IDENTIFIER = "au.strapp.ios-sampleTests";
				PRODUCT_NAME = "$(TARGET_NAME)";
				SWIFT_EMIT_LOC_STRINGS = NO;
				SWIFT_VERSION = 5.0;
				TARGETED_DEVICE_FAMILY = "1,2";
				TEST_HOST = "$(BUILT_PRODUCTS_DIR)/ios-sample.app/$(BUNDLE_EXECUTABLE_FOLDER_PATH)/ios-sample";
			};
			name = Release;
		};
		2201B90C295D575D007869F6 /* Debug */ = {
			isa = XCBuildConfiguration;
			buildSettings = {
				ALWAYS_EMBED_SWIFT_STANDARD_LIBRARIES = YES;
				CODE_SIGN_STYLE = Automatic;
				CURRENT_PROJECT_VERSION = 1;
				GENERATE_INFOPLIST_FILE = YES;
				MARKETING_VERSION = 1.0;
				PRODUCT_BUNDLE_IDENTIFIER = "au.strapp.ios-sampleUITests";
				PRODUCT_NAME = "$(TARGET_NAME)";
				SWIFT_EMIT_LOC_STRINGS = NO;
				SWIFT_VERSION = 5.0;
				TARGETED_DEVICE_FAMILY = "1,2";
				TEST_TARGET_NAME = "ios-sample";
			};
			name = Debug;
		};
		2201B90D295D575D007869F6 /* Release */ = {
			isa = XCBuildConfiguration;
			buildSettings = {
				ALWAYS_EMBED_SWIFT_STANDARD_LIBRARIES = YES;
				CODE_SIGN_STYLE = Automatic;
				CURRENT_PROJECT_VERSION = 1;
				GENERATE_INFOPLIST_FILE = YES;
				MARKETING_VERSION = 1.0;
				PRODUCT_BUNDLE_IDENTIFIER = "au.strapp.ios-sampleUITests";
				PRODUCT_NAME = "$(TARGET_NAME)";
				SWIFT_EMIT_LOC_STRINGS = NO;
				SWIFT_VERSION = 5.0;
				TARGETED_DEVICE_FAMILY = "1,2";
				TEST_TARGET_NAME = "ios-sample";
			};
			name = Release;
		};
/* End XCBuildConfiguration section */

/* Begin XCConfigurationList section */
		2201B8DC295D575B007869F6 /* Build configuration list for PBXProject "ios-sample" */ = {
			isa = XCConfigurationList;
			buildConfigurations = (
				2201B903295D575D007869F6 /* Debug */,
				2201B904295D575D007869F6 /* Release */,
			);
			defaultConfigurationIsVisible = 0;
			defaultConfigurationName = Release;
		};
		2201B905295D575D007869F6 /* Build configuration list for PBXNativeTarget "ios-sample" */ = {
			isa = XCConfigurationList;
			buildConfigurations = (
				2201B906295D575D007869F6 /* Debug */,
				2201B907295D575D007869F6 /* Release */,
			);
			defaultConfigurationIsVisible = 0;
			defaultConfigurationName = Release;
		};
		2201B908295D575D007869F6 /* Build configuration list for PBXNativeTarget "ios-sampleTests" */ = {
			isa = XCConfigurationList;
			buildConfigurations = (
				2201B909295D575D007869F6 /* Debug */,
				2201B90A295D575D007869F6 /* Release */,
			);
			defaultConfigurationIsVisible = 0;
			defaultConfigurationName = Release;
		};
		2201B90B295D575D007869F6 /* Build configuration list for PBXNativeTarget "ios-sampleUITests" */ = {
			isa = XCConfigurationList;
			buildConfigurations = (
				2201B90C295D575D007869F6 /* Debug */,
				2201B90D295D575D007869F6 /* Release */,
			);
			defaultConfigurationIsVisible = 0;
			defaultConfigurationName = Release;
		};
/* End XCConfigurationList section */
	};
	rootObject = 2201B8D9295D575B007869F6 /* Project object */;
}
